
Microsoft Visual Studio Solution File, Format Version 12.00
# Visual Studio Version 16
VisualStudioVersion = 16.0.31729.503
MinimumVisualStudioVersion = 10.0.40219.1
Project("{FAE04EC0-301F-11D3-BF4B-00C04F79EFBC}") = "project_of_MIS", "project_of_MIS.csproj", "{A2A6E18C-25FF-4D36-A487-1C73E6E5DDA8}"
EndProject
Global
	GlobalSection(SolutionConfigurationPlatforms) = preSolution
		Debug|Any CPU = Debug|Any CPU
		Release|Any CPU = Release|Any CPU
	EndGlobalSection
	GlobalSection(ProjectConfigurationPlatforms) = postSolution
		{A2A6E18C-25FF-4D36-A487-1C73E6E5DDA8}.Debug|Any CPU.ActiveCfg = Debug|Any CPU
		{A2A6E18C-25FF-4D36-A487-1C73E6E5DDA8}.Debug|Any CPU.Build.0 = Debug|Any CPU
		{A2A6E18C-25FF-4D36-A487-1C73E6E5DDA8}.Release|Any CPU.ActiveCfg = Release|Any CPU
		{A2A6E18C-25FF-4D36-A487-1C73E6E5DDA8}.Release|Any CPU.Build.0 = Release|Any CPU
	EndGlobalSection
	GlobalSection(SolutionProperties) = preSolution
		HideSolutionNode = FALSE
	EndGlobalSection
	GlobalSection(ExtensibilityGlobals) = postSolution
		SolutionGuid = {D7CF8FC9-0372-4AA9-939E-D8446A9F5183}
	EndGlobalSection
EndGlobal
